
Microsoft Visual Studio Solution File, Format Version 12.00
Project("{FAE04EC0-301F-11D3-BF4B-00C04F79EFBC}") = "NullableReferenceTypes", "NullableReferenceTypes\NullableReferenceTypes.csproj", "{1D5DB78F-4A1E-485B-969F-2D3E27FE6489}"
EndProject
Project("{FAE04EC0-301F-11D3-BF4B-00C04F79EFBC}") = "IndicesAndRanges", "IndicesAndRanges\IndicesAndRanges.csproj", "{4416686D-2FB9-46CB-8228-86FE5486EB48}"
EndProject
Project("{FAE04EC0-301F-11D3-BF4B-00C04F79EFBC}") = "Deconstruction", "Deconstruction\Deconstruction.csproj", "{9EE975DF-1718-4682-AF0B-DDF848B11069}"
EndProject
Global
	GlobalSection(SolutionConfigurationPlatforms) = preSolution
		Debug|Any CPU = Debug|Any CPU
		Release|Any CPU = Release|Any CPU
	EndGlobalSection
	GlobalSection(ProjectConfigurationPlatforms) = postSolution
		{1D5DB78F-4A1E-485B-969F-2D3E27FE6489}.Debug|Any CPU.ActiveCfg = Debug|Any CPU
		{1D5DB78F-4A1E-485B-969F-2D3E27FE6489}.Debug|Any CPU.Build.0 = Debug|Any CPU
		{1D5DB78F-4A1E-485B-969F-2D3E27FE6489}.Release|Any CPU.ActiveCfg = Release|Any CPU
		{1D5DB78F-4A1E-485B-969F-2D3E27FE6489}.Release|Any CPU.Build.0 = Release|Any CPU
		{4416686D-2FB9-46CB-8228-86FE5486EB48}.Debug|Any CPU.ActiveCfg = Debug|Any CPU
		{4416686D-2FB9-46CB-8228-86FE5486EB48}.Debug|Any CPU.Build.0 = Debug|Any CPU
		{4416686D-2FB9-46CB-8228-86FE5486EB48}.Release|Any CPU.ActiveCfg = Release|Any CPU
		{4416686D-2FB9-46CB-8228-86FE5486EB48}.Release|Any CPU.Build.0 = Release|Any CPU
		{9EE975DF-1718-4682-AF0B-DDF848B11069}.Debug|Any CPU.ActiveCfg = Debug|Any CPU
		{9EE975DF-1718-4682-AF0B-DDF848B11069}.Debug|Any CPU.Build.0 = Debug|Any CPU
		{9EE975DF-1718-4682-AF0B-DDF848B11069}.Release|Any CPU.ActiveCfg = Release|Any CPU
		{9EE975DF-1718-4682-AF0B-DDF848B11069}.Release|Any CPU.Build.0 = Release|Any CPU
	EndGlobalSection
	GlobalSection(NestedProjects) = preSolution
	EndGlobalSection
EndGlobal
